// !$*UTF8*$!
{
	archiveVersion = 1;
	classes = {
	};
	objectVersion = 46;
	objects = {

/* Begin PBXBuildFile section */
		971427DE17DB45CA003D4E15 /* btn_back.png in Resources */ = {isa = PBXBuildFile; fileRef = 971427DA17DB45CA003D4E15 /* btn_back.png */; };
		971427DF17DB45CA003D4E15 /* btn_back@2x.png in Resources */ = {isa = PBXBuildFile; fileRef = 971427DB17DB45CA003D4E15 /* btn_back@2x.png */; };
		971427E017DB45CA003D4E15 /* button.png in Resources */ = {isa = PBXBuildFile; fileRef = 971427DC17DB45CA003D4E15 /* button.png */; };
		971427E117DB45CA003D4E15 /* button@2x.png in Resources */ = {isa = PBXBuildFile; fileRef = 971427DD17DB45CA003D4E15 /* button@2x.png */; };
		971427E917DC1627003D4E15 /* Bomb0@2x.png in Resources */ = {isa = PBXBuildFile; fileRef = 971427E217DC1627003D4E15 /* Bomb0@2x.png */; };
		971427EA17DC1627003D4E15 /* Bomb1@2x.png in Resources */ = {isa = PBXBuildFile; fileRef = 971427E317DC1627003D4E15 /* Bomb1@2x.png */; };
		971427EB17DC1627003D4E15 /* Bomb2@2x.png in Resources */ = {isa = PBXBuildFile; fileRef = 971427E417DC1627003D4E15 /* Bomb2@2x.png */; };
		971427EC17DC1627003D4E15 /* Bomb3@2x.png in Resources */ = {isa = PBXBuildFile; fileRef = 971427E517DC1627003D4E15 /* Bomb3@2x.png */; };
		971427ED17DC1627003D4E15 /* Bomb4@2x.png in Resources */ = {isa = PBXBuildFile; fileRef = 971427E617DC1627003D4E15 /* Bomb4@2x.png */; };
		971427EE17DC1627003D4E15 /* Bomb5@2x.png in Resources */ = {isa = PBXBuildFile; fileRef = 971427E717DC1627003D4E15 /* Bomb5@2x.png */; };
		971427EF17DC1627003D4E15 /* Bomb6@2x.png in Resources */ = {isa = PBXBuildFile; fileRef = 971427E817DC1627003D4E15 /* Bomb6@2x.png */; };
		971427F117DC1BC7003D4E15 /* ball@2x.png in Resources */ = {isa = PBXBuildFile; fileRef = 971427F017DC1BC7003D4E15 /* ball@2x.png */; };
		971427F417DC2B50003D4E15 /* LevelManager.m in Sources */ = {isa = PBXBuildFile; fileRef = 971427F317DC2B50003D4E15 /* LevelManager.m */; };
		9733AAF317DA156600791D4D /* RankViewController.xib in Resources */ = {isa = PBXBuildFile; fileRef = 9733AAF217DA156600791D4D /* RankViewController.xib */; };
		9733AAF717DA19F300791D4D /* BaseBall.m in Sources */ = {isa = PBXBuildFile; fileRef = 9733AAF617DA19F300791D4D /* BaseBall.m */; };
		9733AAFA17DA221000791D4D /* CommonType.m in Sources */ = {isa = PBXBuildFile; fileRef = 9733AAF917DA221000791D4D /* CommonType.m */; };
		9733AAFD17DA254A00791D4D /* GameSetting.m in Sources */ = {isa = PBXBuildFile; fileRef = 9733AAFC17DA254A00791D4D /* GameSetting.m */; };
		9733AB0417DA30B200791D4D /* BaseLevel.m in Sources */ = {isa = PBXBuildFile; fileRef = 9733AB0317DA30B200791D4D /* BaseLevel.m */; };
		9733AB0E17DA37FC00791D4D /* ball.png in Resources */ = {isa = PBXBuildFile; fileRef = 9733AB0617DA37FC00791D4D /* ball.png */; };
		9733AB0F17DA37FC00791D4D /* Bomb0.png in Resources */ = {isa = PBXBuildFile; fileRef = 9733AB0717DA37FC00791D4D /* Bomb0.png */; };
		9733AB1017DA37FC00791D4D /* Bomb1.png in Resources */ = {isa = PBXBuildFile; fileRef = 9733AB0817DA37FC00791D4D /* Bomb1.png */; };
		9733AB1117DA37FC00791D4D /* Bomb2.png in Resources */ = {isa = PBXBuildFile; fileRef = 9733AB0917DA37FC00791D4D /* Bomb2.png */; };
		9733AB1217DA37FC00791D4D /* Bomb3.png in Resources */ = {isa = PBXBuildFile; fileRef = 9733AB0A17DA37FC00791D4D /* Bomb3.png */; };
		9733AB1317DA37FC00791D4D /* Bomb4.png in Resources */ = {isa = PBXBuildFile; fileRef = 9733AB0B17DA37FC00791D4D /* Bomb4.png */; };
		9733AB1417DA37FC00791D4D /* Bomb5.png in Resources */ = {isa = PBXBuildFile; fileRef = 9733AB0C17DA37FC00791D4D /* Bomb5.png */; };
		9733AB1517DA37FC00791D4D /* Bomb6.png in Resources */ = {isa = PBXBuildFile; fileRef = 9733AB0D17DA37FC00791D4D /* Bomb6.png */; };
		9733AB1817DA384200791D4D /* Level1.m in Sources */ = {isa = PBXBuildFile; fileRef = 9733AB1717DA384200791D4D /* Level1.m */; };
		A1EAA80017D9F66B00EDF3B4 /* SettingViewController.m in Sources */ = {isa = PBXBuildFile; fileRef = A1EAA7FE17D9F66B00EDF3B4 /* SettingViewController.m */; };
		A1EAA80117D9F66B00EDF3B4 /* SettingViewController.xib in Resources */ = {isa = PBXBuildFile; fileRef = A1EAA7FF17D9F66B00EDF3B4 /* SettingViewController.xib */; };
		ED0D70B517D8D0D4002D3353 /* StoneWallView.m in Sources */ = {isa = PBXBuildFile; fileRef = ED0D70B417D8D0D4002D3353 /* StoneWallView.m */; };
		ED107F6517DB08340006A030 /* stone_star.png in Resources */ = {isa = PBXBuildFile; fileRef = ED107F6317DB08340006A030 /* stone_star.png */; };
		ED107F6617DB08340006A030 /* stone_star@2x.png in Resources */ = {isa = PBXBuildFile; fileRef = ED107F6417DB08340006A030 /* stone_star@2x.png */; };
		ED107F6B17DB12C50006A030 /* orange_sun.png in Resources */ = {isa = PBXBuildFile; fileRef = ED107F6917DB12C50006A030 /* orange_sun.png */; };
		ED107F6C17DB12C50006A030 /* orange_sun@2x.png in Resources */ = {isa = PBXBuildFile; fileRef = ED107F6A17DB12C50006A030 /* orange_sun@2x.png */; };
		ED107F6F17DB16F00006A030 /* GameResultView.m in Sources */ = {isa = PBXBuildFile; fileRef = ED107F6E17DB16F00006A030 /* GameResultView.m */; };
		ED107F7217DB2F340006A030 /* score_orange_sun.png in Resources */ = {isa = PBXBuildFile; fileRef = ED107F7017DB2F340006A030 /* score_orange_sun.png */; };
		ED107F7317DB2F340006A030 /* score_orange_sun@2x.png in Resources */ = {isa = PBXBuildFile; fileRef = ED107F7117DB2F340006A030 /* score_orange_sun@2x.png */; };
		ED107F7617DB396B0006A030 /* ScoreManager.m in Sources */ = {isa = PBXBuildFile; fileRef = ED107F7517DB396B0006A030 /* ScoreManager.m */; };
		ED107F7B17DB3AE90006A030 /* UserManager.m in Sources */ = {isa = PBXBuildFile; fileRef = ED107F7A17DB3AE90006A030 /* UserManager.m */; };
		ED107F7E17DB3E600006A030 /* CommonUtility.mm in Sources */ = {isa = PBXBuildFile; fileRef = ED107F7D17DB3E600006A030 /* CommonUtility.mm */; };
		ED107F8217DB406E0006A030 /* SystemConfiguration.framework in Frameworks */ = {isa = PBXBuildFile; fileRef = ED107F8117DB406D0006A030 /* SystemConfiguration.framework */; };
		ED4C01A817DACDAB002DA400 /* CatchPowerView.m in Sources */ = {isa = PBXBuildFile; fileRef = ED4C01A717DACDAB002DA400 /* CatchPowerView.m */; };
		ED8AA0F117D8135C0070BFF0 /* StoneWallViewController.m in Sources */ = {isa = PBXBuildFile; fileRef = ED8AA0F017D8135C0070BFF0 /* StoneWallViewController.m */; };
		ED8AA0F417D813790070BFF0 /* StoneView.m in Sources */ = {isa = PBXBuildFile; fileRef = ED8AA0F317D813790070BFF0 /* StoneView.m */; };
		ED8AA0F817D813CB0070BFF0 /* Stone.m in Sources */ = {isa = PBXBuildFile; fileRef = ED8AA0F717D813CB0070BFF0 /* Stone.m */; };
		ED8AA0FB17D813DD0070BFF0 /* StoneWall.m in Sources */ = {isa = PBXBuildFile; fileRef = ED8AA0FA17D813DD0070BFF0 /* StoneWall.m */; };
		EDA60D2E17D71C1400B0A63C /* UIKit.framework in Frameworks */ = {isa = PBXBuildFile; fileRef = EDA60D2D17D71C1400B0A63C /* UIKit.framework */; };
		EDA60D3017D71C1400B0A63C /* Foundation.framework in Frameworks */ = {isa = PBXBuildFile; fileRef = EDA60D2F17D71C1400B0A63C /* Foundation.framework */; };
		EDA60D3217D71C1400B0A63C /* CoreGraphics.framework in Frameworks */ = {isa = PBXBuildFile; fileRef = EDA60D3117D71C1400B0A63C /* CoreGraphics.framework */; };
		EDA60D3817D71C1400B0A63C /* InfoPlist.strings in Resources */ = {isa = PBXBuildFile; fileRef = EDA60D3617D71C1400B0A63C /* InfoPlist.strings */; };
		EDA60D3A17D71C1400B0A63C /* main.m in Sources */ = {isa = PBXBuildFile; fileRef = EDA60D3917D71C1400B0A63C /* main.m */; };
		EDA60D3E17D71C1400B0A63C /* AppDelegate.m in Sources */ = {isa = PBXBuildFile; fileRef = EDA60D3D17D71C1400B0A63C /* AppDelegate.m */; };
		EDA60D4017D71C1400B0A63C /* Default.png in Resources */ = {isa = PBXBuildFile; fileRef = EDA60D3F17D71C1400B0A63C /* Default.png */; };
		EDA60D4217D71C1400B0A63C /* Default@2x.png in Resources */ = {isa = PBXBuildFile; fileRef = EDA60D4117D71C1400B0A63C /* Default@2x.png */; };
		EDA60D4417D71C1400B0A63C /* Default-568h@2x.png in Resources */ = {isa = PBXBuildFile; fileRef = EDA60D4317D71C1400B0A63C /* Default-568h@2x.png */; };
		EDA60D4717D71C1400B0A63C /* MainViewController.m in Sources */ = {isa = PBXBuildFile; fileRef = EDA60D4617D71C1400B0A63C /* MainViewController.m */; };
		EDA60D5317D7296000B0A63C /* GameViewController.m in Sources */ = {isa = PBXBuildFile; fileRef = EDA60D5117D7296000B0A63C /* GameViewController.m */; };
		EDA60D5417D7296000B0A63C /* GameViewController.xib in Resources */ = {isa = PBXBuildFile; fileRef = EDA60D5217D7296000B0A63C /* GameViewController.xib */; };
		EDA60D5617D72C0000B0A63C /* QuartzCore.framework in Frameworks */ = {isa = PBXBuildFile; fileRef = EDA60D5517D72C0000B0A63C /* QuartzCore.framework */; };
		EDA60D5A17D733AB00B0A63C /* Icon.png in Resources */ = {isa = PBXBuildFile; fileRef = EDA60D5817D733AB00B0A63C /* Icon.png */; };
		EDA60D5B17D733AB00B0A63C /* Icon@2x.png in Resources */ = {isa = PBXBuildFile; fileRef = EDA60D5917D733AB00B0A63C /* Icon@2x.png */; };
		EDE4F6BD17D987D0004F3057 /* StoneLinkView.m in Sources */ = {isa = PBXBuildFile; fileRef = EDE4F6BC17D987D0004F3057 /* StoneLinkView.m */; };
		EDE4F6C217D9BD53004F3057 /* stone_blue.png in Resources */ = {isa = PBXBuildFile; fileRef = EDE4F6BE17D9BD53004F3057 /* stone_blue.png */; };
		EDE4F6C317D9BD53004F3057 /* stone_blue@2x.png in Resources */ = {isa = PBXBuildFile; fileRef = EDE4F6BF17D9BD53004F3057 /* stone_blue@2x.png */; };
		EDE4F6C417D9BD53004F3057 /* stone_pink.png in Resources */ = {isa = PBXBuildFile; fileRef = EDE4F6C017D9BD53004F3057 /* stone_pink.png */; };
		EDE4F6C517D9BD53004F3057 /* stone_pink@2x.png in Resources */ = {isa = PBXBuildFile; fileRef = EDE4F6C117D9BD53004F3057 /* stone_pink@2x.png */; };
		EDE4F6DA17D9CAE6004F3057 /* clear.mp3 in Resources */ = {isa = PBXBuildFile; fileRef = EDE4F6CA17D9CAE6004F3057 /* clear.mp3 */; };
		EDE4F6DB17D9CAE6004F3057 /* connect_1.mp3 in Resources */ = {isa = PBXBuildFile; fileRef = EDE4F6CB17D9CAE6004F3057 /* connect_1.mp3 */; };
		EDE4F6DC17D9CAE6004F3057 /* connect_10.mp3 in Resources */ = {isa = PBXBuildFile; fileRef = EDE4F6CC17D9CAE6004F3057 /* connect_10.mp3 */; };
		EDE4F6DD17D9CAE6004F3057 /* connect_11.mp3 in Resources */ = {isa = PBXBuildFile; fileRef = EDE4F6CD17D9CAE6004F3057 /* connect_11.mp3 */; };
		EDE4F6DE17D9CAE6004F3057 /* connect_12.mp3 in Resources */ = {isa = PBXBuildFile; fileRef = EDE4F6CE17D9CAE6004F3057 /* connect_12.mp3 */; };
		EDE4F6DF17D9CAE6004F3057 /* connect_13.mp3 in Resources */ = {isa = PBXBuildFile; fileRef = EDE4F6CF17D9CAE6004F3057 /* connect_13.mp3 */; };
		EDE4F6E017D9CAE6004F3057 /* connect_14.mp3 in Resources */ = {isa = PBXBuildFile; fileRef = EDE4F6D017D9CAE6004F3057 /* connect_14.mp3 */; };
		EDE4F6E117D9CAE6004F3057 /* connect_15.mp3 in Resources */ = {isa = PBXBuildFile; fileRef = EDE4F6D117D9CAE6004F3057 /* connect_15.mp3 */; };
		EDE4F6E217D9CAE6004F3057 /* connect_2.mp3 in Resources */ = {isa = PBXBuildFile; fileRef = EDE4F6D217D9CAE6004F3057 /* connect_2.mp3 */; };
		EDE4F6E317D9CAE6004F3057 /* connect_3.mp3 in Resources */ = {isa = PBXBuildFile; fileRef = EDE4F6D317D9CAE6004F3057 /* connect_3.mp3 */; };
		EDE4F6E417D9CAE6004F3057 /* connect_4.mp3 in Resources */ = {isa = PBXBuildFile; fileRef = EDE4F6D417D9CAE6004F3057 /* connect_4.mp3 */; };
		EDE4F6E517D9CAE6004F3057 /* connect_5.mp3 in Resources */ = {isa = PBXBuildFile; fileRef = EDE4F6D517D9CAE6004F3057 /* connect_5.mp3 */; };
		EDE4F6E617D9CAE6004F3057 /* connect_6.mp3 in Resources */ = {isa = PBXBuildFile; fileRef = EDE4F6D617D9CAE6004F3057 /* connect_6.mp3 */; };
		EDE4F6E717D9CAE6004F3057 /* connect_7.mp3 in Resources */ = {isa = PBXBuildFile; fileRef = EDE4F6D717D9CAE6004F3057 /* connect_7.mp3 */; };
		EDE4F6E817D9CAE6004F3057 /* connect_8.mp3 in Resources */ = {isa = PBXBuildFile; fileRef = EDE4F6D817D9CAE6004F3057 /* connect_8.mp3 */; };
		EDE4F6E917D9CAE6004F3057 /* connect_9.mp3 in Resources */ = {isa = PBXBuildFile; fileRef = EDE4F6D917D9CAE6004F3057 /* connect_9.mp3 */; };
		EDE4F6ED17D9CC07004F3057 /* AVFoundation.framework in Frameworks */ = {isa = PBXBuildFile; fileRef = EDE4F6EC17D9CC07004F3057 /* AVFoundation.framework */; };
		EDE4F6EF17D9D25B004F3057 /* AudioToolbox.framework in Frameworks */ = {isa = PBXBuildFile; fileRef = EDE4F6EE17D9D25B004F3057 /* AudioToolbox.framework */; };
		FD1191B317DC25EA009E556A /* tiyan.png in Resources */ = {isa = PBXBuildFile; fileRef = FD1191B217DC25EA009E556A /* tiyan.png */; };
		FD1191B517DC297B009E556A /* 1.jpg in Resources */ = {isa = PBXBuildFile; fileRef = FD1191B417DC297B009E556A /* 1.jpg */; };
		FD1191C517DC476E009E556A /* 2.jpg in Resources */ = {isa = PBXBuildFile; fileRef = FD1191C217DC476E009E556A /* 2.jpg */; };
		FD1191C617DC476E009E556A /* 3.jpg in Resources */ = {isa = PBXBuildFile; fileRef = FD1191C317DC476E009E556A /* 3.jpg */; };
		FD1191C717DC476E009E556A /* 4.jpg in Resources */ = {isa = PBXBuildFile; fileRef = FD1191C417DC476E009E556A /* 4.jpg */; };
		FD18F5BD17DAF0FC00A231C0 /* No1.png in Resources */ = {isa = PBXBuildFile; fileRef = FD18F5BC17DAF0FC00A231C0 /* No1.png */; };
		FD18F5BF17DAF11600A231C0 /* No2.png in Resources */ = {isa = PBXBuildFile; fileRef = FD18F5BE17DAF11600A231C0 /* No2.png */; };
		FD18F5C117DAF13000A231C0 /* No3.png in Resources */ = {isa = PBXBuildFile; fileRef = FD18F5C017DAF13000A231C0 /* No3.png */; };
		FDBA98FE17D9B5D90061804F /* GuideViewController.m in Sources */ = {isa = PBXBuildFile; fileRef = FDBA98FC17D9B5D90061804F /* GuideViewController.m */; };
		FDBA990917D9BDC00061804F /* RankViewController.m in Sources */ = {isa = PBXBuildFile; fileRef = FDBA990717D9BDC00061804F /* RankViewController.m */; };
/* End PBXBuildFile section */

/* Begin PBXFileReference section */
		971427DA17DB45CA003D4E15 /* btn_back.png */ = {isa = PBXFileReference; lastKnownFileType = image.png; path = btn_back.png; sourceTree = "<group>"; };
		971427DB17DB45CA003D4E15 /* btn_back@2x.png */ = {isa = PBXFileReference; lastKnownFileType = image.png; path = "btn_back@2x.png"; sourceTree = "<group>"; };
		971427DC17DB45CA003D4E15 /* button.png */ = {isa = PBXFileReference; lastKnownFileType = image.png; path = button.png; sourceTree = "<group>"; };
		971427DD17DB45CA003D4E15 /* button@2x.png */ = {isa = PBXFileReference; lastKnownFileType = image.png; path = "button@2x.png"; sourceTree = "<group>"; };
		971427E217DC1627003D4E15 /* Bomb0@2x.png */ = {isa = PBXFileReference; lastKnownFileType = image.png; path = "Bomb0@2x.png"; sourceTree = "<group>"; };
		971427E317DC1627003D4E15 /* Bomb1@2x.png */ = {isa = PBXFileReference; lastKnownFileType = image.png; path = "Bomb1@2x.png"; sourceTree = "<group>"; };
		971427E417DC1627003D4E15 /* Bomb2@2x.png */ = {isa = PBXFileReference; lastKnownFileType = image.png; path = "Bomb2@2x.png"; sourceTree = "<group>"; };
		971427E517DC1627003D4E15 /* Bomb3@2x.png */ = {isa = PBXFileReference; lastKnownFileType = image.png; path = "Bomb3@2x.png"; sourceTree = "<group>"; };
		971427E617DC1627003D4E15 /* Bomb4@2x.png */ = {isa = PBXFileReference; lastKnownFileType = image.png; path = "Bomb4@2x.png"; sourceTree = "<group>"; };
		971427E717DC1627003D4E15 /* Bomb5@2x.png */ = {isa = PBXFileReference; lastKnownFileType = image.png; path = "Bomb5@2x.png"; sourceTree = "<group>"; };
		971427E817DC1627003D4E15 /* Bomb6@2x.png */ = {isa = PBXFileReference; lastKnownFileType = image.png; path = "Bomb6@2x.png"; sourceTree = "<group>"; };
		971427F017DC1BC7003D4E15 /* ball@2x.png */ = {isa = PBXFileReference; lastKnownFileType = image.png; path = "ball@2x.png"; sourceTree = "<group>"; };
		971427F217DC2B50003D4E15 /* LevelManager.h */ = {isa = PBXFileReference; fileEncoding = 4; lastKnownFileType = sourcecode.c.h; path = LevelManager.h; sourceTree = "<group>"; };
		971427F317DC2B50003D4E15 /* LevelManager.m */ = {isa = PBXFileReference; fileEncoding = 4; lastKnownFileType = sourcecode.c.objc; path = LevelManager.m; sourceTree = "<group>"; };
		9733AAF217DA156600791D4D /* RankViewController.xib */ = {isa = PBXFileReference; fileEncoding = 4; lastKnownFileType = file.xib; path = RankViewController.xib; sourceTree = "<group>"; };
		9733AAF517DA19F300791D4D /* BaseBall.h */ = {isa = PBXFileReference; fileEncoding = 4; lastKnownFileType = sourcecode.c.h; path = BaseBall.h; sourceTree = "<group>"; };
		9733AAF617DA19F300791D4D /* BaseBall.m */ = {isa = PBXFileReference; fileEncoding = 4; lastKnownFileType = sourcecode.c.objc; path = BaseBall.m; sourceTree = "<group>"; };
		9733AAF817DA221000791D4D /* CommonType.h */ = {isa = PBXFileReference; fileEncoding = 4; lastKnownFileType = sourcecode.c.h; path = CommonType.h; sourceTree = "<group>"; };
		9733AAF917DA221000791D4D /* CommonType.m */ = {isa = PBXFileReference; fileEncoding = 4; lastKnownFileType = sourcecode.c.objc; path = CommonType.m; sourceTree = "<group>"; };
		9733AAFB17DA254A00791D4D /* GameSetting.h */ = {isa = PBXFileReference; fileEncoding = 4; lastKnownFileType = sourcecode.c.h; path = GameSetting.h; sourceTree = "<group>"; };
		9733AAFC17DA254A00791D4D /* GameSetting.m */ = {isa = PBXFileReference; fileEncoding = 4; lastKnownFileType = sourcecode.c.objc; path = GameSetting.m; sourceTree = "<group>"; };
		9733AB0217DA30B200791D4D /* BaseLevel.h */ = {isa = PBXFileReference; fileEncoding = 4; lastKnownFileType = sourcecode.c.h; path = BaseLevel.h; sourceTree = "<group>"; };
		9733AB0317DA30B200791D4D /* BaseLevel.m */ = {isa = PBXFileReference; fileEncoding = 4; lastKnownFileType = sourcecode.c.objc; path = BaseLevel.m; sourceTree = "<group>"; };
		9733AB0617DA37FC00791D4D /* ball.png */ = {isa = PBXFileReference; lastKnownFileType = image.png; path = ball.png; sourceTree = "<group>"; };
		9733AB0717DA37FC00791D4D /* Bomb0.png */ = {isa = PBXFileReference; lastKnownFileType = image.png; path = Bomb0.png; sourceTree = "<group>"; };
		9733AB0817DA37FC00791D4D /* Bomb1.png */ = {isa = PBXFileReference; lastKnownFileType = image.png; path = Bomb1.png; sourceTree = "<group>"; };
		9733AB0917DA37FC00791D4D /* Bomb2.png */ = {isa = PBXFileReference; lastKnownFileType = image.png; path = Bomb2.png; sourceTree = "<group>"; };
		9733AB0A17DA37FC00791D4D /* Bomb3.png */ = {isa = PBXFileReference; lastKnownFileType = image.png; path = Bomb3.png; sourceTree = "<group>"; };
		9733AB0B17DA37FC00791D4D /* Bomb4.png */ = {isa = PBXFileReference; lastKnownFileType = image.png; path = Bomb4.png; sourceTree = "<group>"; };
		9733AB0C17DA37FC00791D4D /* Bomb5.png */ = {isa = PBXFileReference; lastKnownFileType = image.png; path = Bomb5.png; sourceTree = "<group>"; };
		9733AB0D17DA37FC00791D4D /* Bomb6.png */ = {isa = PBXFileReference; lastKnownFileType = image.png; path = Bomb6.png; sourceTree = "<group>"; };
		9733AB1617DA384200791D4D /* Level1.h */ = {isa = PBXFileReference; fileEncoding = 4; lastKnownFileType = sourcecode.c.h; path = Level1.h; sourceTree = "<group>"; };
		9733AB1717DA384200791D4D /* Level1.m */ = {isa = PBXFileReference; fileEncoding = 4; lastKnownFileType = sourcecode.c.objc; path = Level1.m; sourceTree = "<group>"; };
		A1EAA7FD17D9F66B00EDF3B4 /* SettingViewController.h */ = {isa = PBXFileReference; fileEncoding = 4; lastKnownFileType = sourcecode.c.h; path = SettingViewController.h; sourceTree = "<group>"; };
		A1EAA7FE17D9F66B00EDF3B4 /* SettingViewController.m */ = {isa = PBXFileReference; fileEncoding = 4; lastKnownFileType = sourcecode.c.objc; path = SettingViewController.m; sourceTree = "<group>"; };
		A1EAA7FF17D9F66B00EDF3B4 /* SettingViewController.xib */ = {isa = PBXFileReference; fileEncoding = 4; lastKnownFileType = file.xib; path = SettingViewController.xib; sourceTree = "<group>"; };
		ED0D70B317D8D0D4002D3353 /* StoneWallView.h */ = {isa = PBXFileReference; fileEncoding = 4; lastKnownFileType = sourcecode.c.h; path = StoneWallView.h; sourceTree = "<group>"; };
		ED0D70B417D8D0D4002D3353 /* StoneWallView.m */ = {isa = PBXFileReference; fileEncoding = 4; lastKnownFileType = sourcecode.c.objc; path = StoneWallView.m; sourceTree = "<group>"; };
		ED107F6317DB08340006A030 /* stone_star.png */ = {isa = PBXFileReference; lastKnownFileType = image.png; path = stone_star.png; sourceTree = "<group>"; };
		ED107F6417DB08340006A030 /* stone_star@2x.png */ = {isa = PBXFileReference; lastKnownFileType = image.png; path = "stone_star@2x.png"; sourceTree = "<group>"; };
		ED107F6917DB12C50006A030 /* orange_sun.png */ = {isa = PBXFileReference; lastKnownFileType = image.png; path = orange_sun.png; sourceTree = "<group>"; };
		ED107F6A17DB12C50006A030 /* orange_sun@2x.png */ = {isa = PBXFileReference; lastKnownFileType = image.png; path = "orange_sun@2x.png"; sourceTree = "<group>"; };
		ED107F6D17DB16F00006A030 /* GameResultView.h */ = {isa = PBXFileReference; fileEncoding = 4; lastKnownFileType = sourcecode.c.h; path = GameResultView.h; sourceTree = "<group>"; };
		ED107F6E17DB16F00006A030 /* GameResultView.m */ = {isa = PBXFileReference; fileEncoding = 4; lastKnownFileType = sourcecode.c.objc; path = GameResultView.m; sourceTree = "<group>"; };
		ED107F7017DB2F340006A030 /* score_orange_sun.png */ = {isa = PBXFileReference; lastKnownFileType = image.png; path = score_orange_sun.png; sourceTree = "<group>"; };
		ED107F7117DB2F340006A030 /* score_orange_sun@2x.png */ = {isa = PBXFileReference; lastKnownFileType = image.png; path = "score_orange_sun@2x.png"; sourceTree = "<group>"; };
		ED107F7417DB396B0006A030 /* ScoreManager.h */ = {isa = PBXFileReference; fileEncoding = 4; lastKnownFileType = sourcecode.c.h; path = ScoreManager.h; sourceTree = "<group>"; };
		ED107F7517DB396B0006A030 /* ScoreManager.m */ = {isa = PBXFileReference; fileEncoding = 4; lastKnownFileType = sourcecode.c.objc; path = ScoreManager.m; sourceTree = "<group>"; };
		ED107F7917DB3AE90006A030 /* UserManager.h */ = {isa = PBXFileReference; fileEncoding = 4; lastKnownFileType = sourcecode.c.h; path = UserManager.h; sourceTree = "<group>"; };
		ED107F7A17DB3AE90006A030 /* UserManager.m */ = {isa = PBXFileReference; fileEncoding = 4; lastKnownFileType = sourcecode.c.objc; path = UserManager.m; sourceTree = "<group>"; };
		ED107F7C17DB3E600006A030 /* CommonUtility.h */ = {isa = PBXFileReference; fileEncoding = 4; lastKnownFileType = sourcecode.c.h; path = CommonUtility.h; sourceTree = "<group>"; };
		ED107F7D17DB3E600006A030 /* CommonUtility.mm */ = {isa = PBXFileReference; fileEncoding = 4; lastKnownFileType = sourcecode.cpp.objcpp; path = CommonUtility.mm; sourceTree = "<group>"; };
		ED107F8117DB406D0006A030 /* SystemConfiguration.framework */ = {isa = PBXFileReference; lastKnownFileType = wrapper.framework; name = SystemConfiguration.framework; path = System/Library/Frameworks/SystemConfiguration.framework; sourceTree = SDKROOT; };
		ED4C01A517DACB79002DA400 /* StoneView.h */ = {isa = PBXFileReference; fileEncoding = 4; lastKnownFileType = sourcecode.c.h; path = StoneView.h; sourceTree = "<group>"; };
		ED4C01A617DACDAB002DA400 /* CatchPowerView.h */ = {isa = PBXFileReference; fileEncoding = 4; lastKnownFileType = sourcecode.c.h; path = CatchPowerView.h; sourceTree = "<group>"; };
		ED4C01A717DACDAB002DA400 /* CatchPowerView.m */ = {isa = PBXFileReference; fileEncoding = 4; lastKnownFileType = sourcecode.c.objc; path = CatchPowerView.m; sourceTree = "<group>"; };
		ED8AA0EF17D8135C0070BFF0 /* StoneWallViewController.h */ = {isa = PBXFileReference; fileEncoding = 4; lastKnownFileType = sourcecode.c.h; path = StoneWallViewController.h; sourceTree = "<group>"; };
		ED8AA0F017D8135C0070BFF0 /* StoneWallViewController.m */ = {isa = PBXFileReference; fileEncoding = 4; lastKnownFileType = sourcecode.c.objc; path = StoneWallViewController.m; sourceTree = "<group>"; };
		ED8AA0F317D813790070BFF0 /* StoneView.m */ = {isa = PBXFileReference; fileEncoding = 4; lastKnownFileType = sourcecode.c.objc; path = StoneView.m; sourceTree = "<group>"; };
		ED8AA0F617D813CB0070BFF0 /* Stone.h */ = {isa = PBXFileReference; fileEncoding = 4; lastKnownFileType = sourcecode.c.h; path = Stone.h; sourceTree = "<group>"; };
		ED8AA0F717D813CB0070BFF0 /* Stone.m */ = {isa = PBXFileReference; fileEncoding = 4; lastKnownFileType = sourcecode.c.objc; path = Stone.m; sourceTree = "<group>"; };
		ED8AA0F917D813DD0070BFF0 /* StoneWall.h */ = {isa = PBXFileReference; fileEncoding = 4; lastKnownFileType = sourcecode.c.h; path = StoneWall.h; sourceTree = "<group>"; };
		ED8AA0FA17D813DD0070BFF0 /* StoneWall.m */ = {isa = PBXFileReference; fileEncoding = 4; lastKnownFileType = sourcecode.c.objc; path = StoneWall.m; sourceTree = "<group>"; };
		EDA60D2A17D71C1400B0A63C /* SmallStone.app */ = {isa = PBXFileReference; explicitFileType = wrapper.application; includeInIndex = 0; path = SmallStone.app; sourceTree = BUILT_PRODUCTS_DIR; };
		EDA60D2D17D71C1400B0A63C /* UIKit.framework */ = {isa = PBXFileReference; lastKnownFileType = wrapper.framework; name = UIKit.framework; path = System/Library/Frameworks/UIKit.framework; sourceTree = SDKROOT; };
		EDA60D2F17D71C1400B0A63C /* Foundation.framework */ = {isa = PBXFileReference; lastKnownFileType = wrapper.framework; name = Foundation.framework; path = System/Library/Frameworks/Foundation.framework; sourceTree = SDKROOT; };
		EDA60D3117D71C1400B0A63C /* CoreGraphics.framework */ = {isa = PBXFileReference; lastKnownFileType = wrapper.framework; name = CoreGraphics.framework; path = System/Library/Frameworks/CoreGraphics.framework; sourceTree = SDKROOT; };
		EDA60D3517D71C1400B0A63C /* SmallStone-Info.plist */ = {isa = PBXFileReference; lastKnownFileType = text.plist.xml; path = "SmallStone-Info.plist"; sourceTree = "<group>"; };
		EDA60D3717D71C1400B0A63C /* en */ = {isa = PBXFileReference; lastKnownFileType = text.plist.strings; name = en; path = en.lproj/InfoPlist.strings; sourceTree = "<group>"; };
		EDA60D3917D71C1400B0A63C /* main.m */ = {isa = PBXFileReference; lastKnownFileType = sourcecode.c.objc; path = main.m; sourceTree = "<group>"; };
		EDA60D3B17D71C1400B0A63C /* SmallStone-Prefix.pch */ = {isa = PBXFileReference; lastKnownFileType = sourcecode.c.h; path = "SmallStone-Prefix.pch"; sourceTree = "<group>"; };
		EDA60D3C17D71C1400B0A63C /* AppDelegate.h */ = {isa = PBXFileReference; lastKnownFileType = sourcecode.c.h; path = AppDelegate.h; sourceTree = "<group>"; };
		EDA60D3D17D71C1400B0A63C /* AppDelegate.m */ = {isa = PBXFileReference; lastKnownFileType = sourcecode.c.objc; path = AppDelegate.m; sourceTree = "<group>"; };
		EDA60D3F17D71C1400B0A63C /* Default.png */ = {isa = PBXFileReference; lastKnownFileType = image.png; path = Default.png; sourceTree = "<group>"; };
		EDA60D4117D71C1400B0A63C /* Default@2x.png */ = {isa = PBXFileReference; lastKnownFileType = image.png; path = "Default@2x.png"; sourceTree = "<group>"; };
		EDA60D4317D71C1400B0A63C /* Default-568h@2x.png */ = {isa = PBXFileReference; lastKnownFileType = image.png; path = "Default-568h@2x.png"; sourceTree = "<group>"; };
		EDA60D4517D71C1400B0A63C /* MainViewController.h */ = {isa = PBXFileReference; lastKnownFileType = sourcecode.c.h; path = MainViewController.h; sourceTree = "<group>"; };
		EDA60D4617D71C1400B0A63C /* MainViewController.m */ = {isa = PBXFileReference; lastKnownFileType = sourcecode.c.objc; path = MainViewController.m; sourceTree = "<group>"; };
		EDA60D5017D7296000B0A63C /* GameViewController.h */ = {isa = PBXFileReference; fileEncoding = 4; lastKnownFileType = sourcecode.c.h; path = GameViewController.h; sourceTree = "<group>"; };
		EDA60D5117D7296000B0A63C /* GameViewController.m */ = {isa = PBXFileReference; fileEncoding = 4; lastKnownFileType = sourcecode.c.objc; path = GameViewController.m; sourceTree = "<group>"; };
		EDA60D5217D7296000B0A63C /* GameViewController.xib */ = {isa = PBXFileReference; fileEncoding = 4; lastKnownFileType = file.xib; path = GameViewController.xib; sourceTree = "<group>"; };
		EDA60D5517D72C0000B0A63C /* QuartzCore.framework */ = {isa = PBXFileReference; lastKnownFileType = wrapper.framework; name = QuartzCore.framework; path = System/Library/Frameworks/QuartzCore.framework; sourceTree = SDKROOT; };
		EDA60D5817D733AB00B0A63C /* Icon.png */ = {isa = PBXFileReference; lastKnownFileType = image.png; name = Icon.png; path = SmallStone/Icon.png; sourceTree = "<group>"; };
		EDA60D5917D733AB00B0A63C /* Icon@2x.png */ = {isa = PBXFileReference; lastKnownFileType = image.png; name = "Icon@2x.png"; path = "SmallStone/Icon@2x.png"; sourceTree = "<group>"; };
		EDE4F6BB17D987D0004F3057 /* StoneLinkView.h */ = {isa = PBXFileReference; fileEncoding = 4; lastKnownFileType = sourcecode.c.h; path = StoneLinkView.h; sourceTree = "<group>"; };
		EDE4F6BC17D987D0004F3057 /* StoneLinkView.m */ = {isa = PBXFileReference; fileEncoding = 4; lastKnownFileType = sourcecode.c.objc; path = StoneLinkView.m; sourceTree = "<group>"; };
		EDE4F6BE17D9BD53004F3057 /* stone_blue.png */ = {isa = PBXFileReference; lastKnownFileType = image.png; name = stone_blue.png; path = SmallStone/stone_blue.png; sourceTree = "<group>"; };
		EDE4F6BF17D9BD53004F3057 /* stone_blue@2x.png */ = {isa = PBXFileReference; lastKnownFileType = image.png; name = "stone_blue@2x.png"; path = "SmallStone/stone_blue@2x.png"; sourceTree = "<group>"; };
		EDE4F6C017D9BD53004F3057 /* stone_pink.png */ = {isa = PBXFileReference; lastKnownFileType = image.png; name = stone_pink.png; path = SmallStone/stone_pink.png; sourceTree = "<group>"; };
		EDE4F6C117D9BD53004F3057 /* stone_pink@2x.png */ = {isa = PBXFileReference; lastKnownFileType = image.png; name = "stone_pink@2x.png"; path = "SmallStone/stone_pink@2x.png"; sourceTree = "<group>"; };
		EDE4F6CA17D9CAE6004F3057 /* clear.mp3 */ = {isa = PBXFileReference; lastKnownFileType = audio.mp3; path = clear.mp3; sourceTree = "<group>"; };
		EDE4F6CB17D9CAE6004F3057 /* connect_1.mp3 */ = {isa = PBXFileReference; lastKnownFileType = audio.mp3; path = connect_1.mp3; sourceTree = "<group>"; };
		EDE4F6CC17D9CAE6004F3057 /* connect_10.mp3 */ = {isa = PBXFileReference; lastKnownFileType = audio.mp3; path = connect_10.mp3; sourceTree = "<group>"; };
		EDE4F6CD17D9CAE6004F3057 /* connect_11.mp3 */ = {isa = PBXFileReference; lastKnownFileType = audio.mp3; path = connect_11.mp3; sourceTree = "<group>"; };
		EDE4F6CE17D9CAE6004F3057 /* connect_12.mp3 */ = {isa = PBXFileReference; lastKnownFileType = audio.mp3; path = connect_12.mp3; sourceTree = "<group>"; };
		EDE4F6CF17D9CAE6004F3057 /* connect_13.mp3 */ = {isa = PBXFileReference; lastKnownFileType = audio.mp3; path = connect_13.mp3; sourceTree = "<group>"; };
		EDE4F6D017D9CAE6004F3057 /* connect_14.mp3 */ = {isa = PBXFileReference; lastKnownFileType = audio.mp3; path = connect_14.mp3; sourceTree = "<group>"; };
		EDE4F6D117D9CAE6004F3057 /* connect_15.mp3 */ = {isa = PBXFileReference; lastKnownFileType = audio.mp3; path = connect_15.mp3; sourceTree = "<group>"; };
		EDE4F6D217D9CAE6004F3057 /* connect_2.mp3 */ = {isa = PBXFileReference; lastKnownFileType = audio.mp3; path = connect_2.mp3; sourceTree = "<group>"; };
		EDE4F6D317D9CAE6004F3057 /* connect_3.mp3 */ = {isa = PBXFileReference; lastKnownFileType = audio.mp3; path = connect_3.mp3; sourceTree = "<group>"; };
		EDE4F6D417D9CAE6004F3057 /* connect_4.mp3 */ = {isa = PBXFileReference; lastKnownFileType = audio.mp3; path = connect_4.mp3; sourceTree = "<group>"; };
		EDE4F6D517D9CAE6004F3057 /* connect_5.mp3 */ = {isa = PBXFileReference; lastKnownFileType = audio.mp3; path = connect_5.mp3; sourceTree = "<group>"; };
		EDE4F6D617D9CAE6004F3057 /* connect_6.mp3 */ = {isa = PBXFileReference; lastKnownFileType = audio.mp3; path = connect_6.mp3; sourceTree = "<group>"; };
		EDE4F6D717D9CAE6004F3057 /* connect_7.mp3 */ = {isa = PBXFileReference; lastKnownFileType = audio.mp3; path = connect_7.mp3; sourceTree = "<group>"; };
		EDE4F6D817D9CAE6004F3057 /* connect_8.mp3 */ = {isa = PBXFileReference; lastKnownFileType = audio.mp3; path = connect_8.mp3; sourceTree = "<group>"; };
		EDE4F6D917D9CAE6004F3057 /* connect_9.mp3 */ = {isa = PBXFileReference; lastKnownFileType = audio.mp3; path = connect_9.mp3; sourceTree = "<group>"; };
		EDE4F6EC17D9CC07004F3057 /* AVFoundation.framework */ = {isa = PBXFileReference; lastKnownFileType = wrapper.framework; name = AVFoundation.framework; path = System/Library/Frameworks/AVFoundation.framework; sourceTree = SDKROOT; };
		EDE4F6EE17D9D25B004F3057 /* AudioToolbox.framework */ = {isa = PBXFileReference; lastKnownFileType = wrapper.framework; name = AudioToolbox.framework; path = System/Library/Frameworks/AudioToolbox.framework; sourceTree = SDKROOT; };
		FD1191B217DC25EA009E556A /* tiyan.png */ = {isa = PBXFileReference; lastKnownFileType = image.png; path = tiyan.png; sourceTree = "<group>"; };
		FD1191B417DC297B009E556A /* 1.jpg */ = {isa = PBXFileReference; lastKnownFileType = image.jpeg; path = 1.jpg; sourceTree = "<group>"; };
		FD1191C217DC476E009E556A /* 2.jpg */ = {isa = PBXFileReference; lastKnownFileType = image.jpeg; path = 2.jpg; sourceTree = "<group>"; };
		FD1191C317DC476E009E556A /* 3.jpg */ = {isa = PBXFileReference; lastKnownFileType = image.jpeg; path = 3.jpg; sourceTree = "<group>"; };
		FD1191C417DC476E009E556A /* 4.jpg */ = {isa = PBXFileReference; lastKnownFileType = image.jpeg; path = 4.jpg; sourceTree = "<group>"; };
		FD18F5BC17DAF0FC00A231C0 /* No1.png */ = {isa = PBXFileReference; lastKnownFileType = image.png; path = No1.png; sourceTree = "<group>"; };
		FD18F5BE17DAF11600A231C0 /* No2.png */ = {isa = PBXFileReference; lastKnownFileType = image.png; path = No2.png; sourceTree = "<group>"; };
		FD18F5C017DAF13000A231C0 /* No3.png */ = {isa = PBXFileReference; lastKnownFileType = image.png; path = No3.png; sourceTree = "<group>"; };
		FDBA98FB17D9B5D90061804F /* GuideViewController.h */ = {isa = PBXFileReference; fileEncoding = 4; lastKnownFileType = sourcecode.c.h; path = GuideViewController.h; sourceTree = "<group>"; };
		FDBA98FC17D9B5D90061804F /* GuideViewController.m */ = {isa = PBXFileReference; fileEncoding = 4; lastKnownFileType = sourcecode.c.objc; path = GuideViewController.m; sourceTree = "<group>"; };
		FDBA990617D9BDC00061804F /* RankViewController.h */ = {isa = PBXFileReference; fileEncoding = 4; lastKnownFileType = sourcecode.c.h; path = RankViewController.h; sourceTree = "<group>"; };
		FDBA990717D9BDC00061804F /* RankViewController.m */ = {isa = PBXFileReference; fileEncoding = 4; lastKnownFileType = sourcecode.c.objc; path = RankViewController.m; sourceTree = "<group>"; };
/* End PBXFileReference section */

/* Begin PBXFrameworksBuildPhase section */
		EDA60D2717D71C1400B0A63C /* Frameworks */ = {
			isa = PBXFrameworksBuildPhase;
			buildActionMask = 2147483647;
			files = (
				ED107F8217DB406E0006A030 /* SystemConfiguration.framework in Frameworks */,
				EDE4F6EF17D9D25B004F3057 /* AudioToolbox.framework in Frameworks */,
				EDE4F6ED17D9CC07004F3057 /* AVFoundation.framework in Frameworks */,
				EDA60D5617D72C0000B0A63C /* QuartzCore.framework in Frameworks */,
				EDA60D2E17D71C1400B0A63C /* UIKit.framework in Frameworks */,
				EDA60D3017D71C1400B0A63C /* Foundation.framework in Frameworks */,
				EDA60D3217D71C1400B0A63C /* CoreGraphics.framework in Frameworks */,
			);
			runOnlyForDeploymentPostprocessing = 0;
		};
/* End PBXFrameworksBuildPhase section */

/* Begin PBXGroup section */
		9733AAF417DA19DA00791D4D /* Ball */ = {
			isa = PBXGroup;
			children = (
				9733AAF517DA19F300791D4D /* BaseBall.h */,
				9733AAF617DA19F300791D4D /* BaseBall.m */,
			);
			path = Ball;
			sourceTree = "<group>";
		};
		9733AB0117DA308D00791D4D /* Level */ = {
			isa = PBXGroup;
			children = (
				9733AB0217DA30B200791D4D /* BaseLevel.h */,
				9733AB0317DA30B200791D4D /* BaseLevel.m */,
				9733AB1617DA384200791D4D /* Level1.h */,
				9733AB1717DA384200791D4D /* Level1.m */,
				971427F217DC2B50003D4E15 /* LevelManager.h */,
				971427F317DC2B50003D4E15 /* LevelManager.m */,
			);
			path = Level;
			sourceTree = "<group>";
		};
		9733AB0517DA37FC00791D4D /* Image */ = {
			isa = PBXGroup;
			children = (
				971427F017DC1BC7003D4E15 /* ball@2x.png */,
				971427DA17DB45CA003D4E15 /* btn_back.png */,
				971427DB17DB45CA003D4E15 /* btn_back@2x.png */,
				971427DC17DB45CA003D4E15 /* button.png */,
				971427DD17DB45CA003D4E15 /* button@2x.png */,
				ED107F7017DB2F340006A030 /* score_orange_sun.png */,
				ED107F7117DB2F340006A030 /* score_orange_sun@2x.png */,
				ED107F6917DB12C50006A030 /* orange_sun.png */,
				ED107F6A17DB12C50006A030 /* orange_sun@2x.png */,
				9733AB0617DA37FC00791D4D /* ball.png */,
				9733AB0717DA37FC00791D4D /* Bomb0.png */,
				9733AB0817DA37FC00791D4D /* Bomb1.png */,
				9733AB0917DA37FC00791D4D /* Bomb2.png */,
				9733AB0A17DA37FC00791D4D /* Bomb3.png */,
				9733AB0B17DA37FC00791D4D /* Bomb4.png */,
				9733AB0C17DA37FC00791D4D /* Bomb5.png */,
				9733AB0D17DA37FC00791D4D /* Bomb6.png */,
				971427E217DC1627003D4E15 /* Bomb0@2x.png */,
				971427E317DC1627003D4E15 /* Bomb1@2x.png */,
				971427E417DC1627003D4E15 /* Bomb2@2x.png */,
				971427E517DC1627003D4E15 /* Bomb3@2x.png */,
				971427E617DC1627003D4E15 /* Bomb4@2x.png */,
				971427E717DC1627003D4E15 /* Bomb5@2x.png */,
				971427E817DC1627003D4E15 /* Bomb6@2x.png */,
				ED107F6317DB08340006A030 /* stone_star.png */,
				ED107F6417DB08340006A030 /* stone_star@2x.png */,
			);
			path = Image;
			sourceTree = "<group>";
		};
		ED8AA0F517D813B50070BFF0 /* GameModel */ = {
			isa = PBXGroup;
			children = (
				ED8AA0F617D813CB0070BFF0 /* Stone.h */,
				ED8AA0F717D813CB0070BFF0 /* Stone.m */,
				ED8AA0F917D813DD0070BFF0 /* StoneWall.h */,
				ED8AA0FA17D813DD0070BFF0 /* StoneWall.m */,
			);
			path = GameModel;
			sourceTree = "<group>";
		};
		EDA60D2117D71C1400B0A63C = {
			isa = PBXGroup;
			children = (
				EDA60D5717D7339100B0A63C /* Resource */,
				EDA60D3317D71C1400B0A63C /* SmallStone */,
				EDA60D2C17D71C1400B0A63C /* Frameworks */,
				EDA60D2B17D71C1400B0A63C /* Products */,
			);
			sourceTree = "<group>";
		};
		EDA60D2B17D71C1400B0A63C /* Products */ = {
			isa = PBXGroup;
			children = (
				EDA60D2A17D71C1400B0A63C /* SmallStone.app */,
			);
			name = Products;
			sourceTree = "<group>";
		};
		EDA60D2C17D71C1400B0A63C /* Frameworks */ = {
			isa = PBXGroup;
			children = (
				ED107F8117DB406D0006A030 /* SystemConfiguration.framework */,
				EDE4F6EE17D9D25B004F3057 /* AudioToolbox.framework */,
				EDE4F6EC17D9CC07004F3057 /* AVFoundation.framework */,
				EDA60D5517D72C0000B0A63C /* QuartzCore.framework */,
				EDA60D2D17D71C1400B0A63C /* UIKit.framework */,
				EDA60D2F17D71C1400B0A63C /* Foundation.framework */,
				EDA60D3117D71C1400B0A63C /* CoreGraphics.framework */,
			);
			name = Frameworks;
			sourceTree = "<group>";
		};
		EDA60D3317D71C1400B0A63C /* SmallStone */ = {
			isa = PBXGroup;
			children = (
				EDA60D3C17D71C1400B0A63C /* AppDelegate.h */,
				EDA60D3D17D71C1400B0A63C /* AppDelegate.m */,
				9733AAF417DA19DA00791D4D /* Ball */,
				ED4C01A617DACDAB002DA400 /* CatchPowerView.h */,
				ED4C01A717DACDAB002DA400 /* CatchPowerView.m */,
				9733AAF817DA221000791D4D /* CommonType.h */,
				9733AAF917DA221000791D4D /* CommonType.m */,
				ED8AA0F517D813B50070BFF0 /* GameModel */,
				ED107F6D17DB16F00006A030 /* GameResultView.h */,
				ED107F6E17DB16F00006A030 /* GameResultView.m */,
				9733AAFB17DA254A00791D4D /* GameSetting.h */,
				9733AAFC17DA254A00791D4D /* GameSetting.m */,
				EDA60D5017D7296000B0A63C /* GameViewController.h */,
				EDA60D5117D7296000B0A63C /* GameViewController.m */,
				EDA60D5217D7296000B0A63C /* GameViewController.xib */,
				FDBA98FB17D9B5D90061804F /* GuideViewController.h */,
				FDBA98FC17D9B5D90061804F /* GuideViewController.m */,
				9733AB0517DA37FC00791D4D /* Image */,
				9733AB0117DA308D00791D4D /* Level */,
				EDA60D4517D71C1400B0A63C /* MainViewController.h */,
				EDA60D4617D71C1400B0A63C /* MainViewController.m */,
				FDBA990617D9BDC00061804F /* RankViewController.h */,
				FDBA990717D9BDC00061804F /* RankViewController.m */,
				9733AAF217DA156600791D4D /* RankViewController.xib */,
				A1EAA7FD17D9F66B00EDF3B4 /* SettingViewController.h */,
				A1EAA7FE17D9F66B00EDF3B4 /* SettingViewController.m */,
				A1EAA7FF17D9F66B00EDF3B4 /* SettingViewController.xib */,
				EDE4F6BB17D987D0004F3057 /* StoneLinkView.h */,
				EDE4F6BC17D987D0004F3057 /* StoneLinkView.m */,
				ED4C01A517DACB79002DA400 /* StoneView.h */,
				ED8AA0F317D813790070BFF0 /* StoneView.m */,
				ED0D70B317D8D0D4002D3353 /* StoneWallView.h */,
				ED0D70B417D8D0D4002D3353 /* StoneWallView.m */,
				ED8AA0EF17D8135C0070BFF0 /* StoneWallViewController.h */,
				ED8AA0F017D8135C0070BFF0 /* StoneWallViewController.m */,
				EDA60D3417D71C1400B0A63C /* Supporting Files */,
				ED107F7417DB396B0006A030 /* ScoreManager.h */,
				ED107F7517DB396B0006A030 /* ScoreManager.m */,
				ED107F7917DB3AE90006A030 /* UserManager.h */,
				ED107F7A17DB3AE90006A030 /* UserManager.m */,
				ED107F7C17DB3E600006A030 /* CommonUtility.h */,
				ED107F7D17DB3E600006A030 /* CommonUtility.mm */,
			);
			path = SmallStone;
			sourceTree = "<group>";
		};
		EDA60D3417D71C1400B0A63C /* Supporting Files */ = {
			isa = PBXGroup;
			children = (
				EDA60D3517D71C1400B0A63C /* SmallStone-Info.plist */,
				EDA60D3617D71C1400B0A63C /* InfoPlist.strings */,
				EDA60D3917D71C1400B0A63C /* main.m */,
				EDA60D3B17D71C1400B0A63C /* SmallStone-Prefix.pch */,
				EDA60D3F17D71C1400B0A63C /* Default.png */,
				EDA60D4117D71C1400B0A63C /* Default@2x.png */,
				EDA60D4317D71C1400B0A63C /* Default-568h@2x.png */,
			);
			name = "Supporting Files";
			sourceTree = "<group>";
		};
		EDA60D5717D7339100B0A63C /* Resource */ = {
			isa = PBXGroup;
			children = (
				FD1191C217DC476E009E556A /* 2.jpg */,
				FD1191C317DC476E009E556A /* 3.jpg */,
				FD1191C417DC476E009E556A /* 4.jpg */,
				FD1191B417DC297B009E556A /* 1.jpg */,
				EDE4F6C917D9CAE6004F3057 /* audio */,
				EDA60D5817D733AB00B0A63C /* Icon.png */,
				EDA60D5917D733AB00B0A63C /* Icon@2x.png */,
				FD18F5BC17DAF0FC00A231C0 /* No1.png */,
				FD18F5BE17DAF11600A231C0 /* No2.png */,
				FD18F5C017DAF13000A231C0 /* No3.png */,
				EDE4F6BE17D9BD53004F3057 /* stone_blue.png */,
				EDE4F6BF17D9BD53004F3057 /* stone_blue@2x.png */,
				EDE4F6C017D9BD53004F3057 /* stone_pink.png */,
				EDE4F6C117D9BD53004F3057 /* stone_pink@2x.png */,
				FD1191B217DC25EA009E556A /* tiyan.png */,
			);
			name = Resource;
			sourceTree = "<group>";
		};
		EDE4F6C917D9CAE6004F3057 /* audio */ = {
			isa = PBXGroup;
			children = (
				EDE4F6CA17D9CAE6004F3057 /* clear.mp3 */,
				EDE4F6CB17D9CAE6004F3057 /* connect_1.mp3 */,
				EDE4F6CC17D9CAE6004F3057 /* connect_10.mp3 */,
				EDE4F6CD17D9CAE6004F3057 /* connect_11.mp3 */,
				EDE4F6CE17D9CAE6004F3057 /* connect_12.mp3 */,
				EDE4F6CF17D9CAE6004F3057 /* connect_13.mp3 */,
				EDE4F6D017D9CAE6004F3057 /* connect_14.mp3 */,
				EDE4F6D117D9CAE6004F3057 /* connect_15.mp3 */,
				EDE4F6D217D9CAE6004F3057 /* connect_2.mp3 */,
				EDE4F6D317D9CAE6004F3057 /* connect_3.mp3 */,
				EDE4F6D417D9CAE6004F3057 /* connect_4.mp3 */,
				EDE4F6D517D9CAE6004F3057 /* connect_5.mp3 */,
				EDE4F6D617D9CAE6004F3057 /* connect_6.mp3 */,
				EDE4F6D717D9CAE6004F3057 /* connect_7.mp3 */,
				EDE4F6D817D9CAE6004F3057 /* connect_8.mp3 */,
				EDE4F6D917D9CAE6004F3057 /* connect_9.mp3 */,
			);
			name = audio;
			path = SmallStone/audio;
			sourceTree = "<group>";
		};
/* End PBXGroup section */

/* Begin PBXNativeTarget section */
		EDA60D2917D71C1400B0A63C /* SmallStone */ = {
			isa = PBXNativeTarget;
			buildConfigurationList = EDA60D4D17D71C1400B0A63C /* Build configuration list for PBXNativeTarget "SmallStone" */;
			buildPhases = (
				EDA60D2617D71C1400B0A63C /* Sources */,
				EDA60D2717D71C1400B0A63C /* Frameworks */,
				EDA60D2817D71C1400B0A63C /* Resources */,
			);
			buildRules = (
			);
			dependencies = (
			);
			name = SmallStone;
			productName = SmallStone;
			productReference = EDA60D2A17D71C1400B0A63C /* SmallStone.app */;
			productType = "com.apple.product-type.application";
		};
/* End PBXNativeTarget section */

/* Begin PBXProject section */
		EDA60D2217D71C1400B0A63C /* Project object */ = {
			isa = PBXProject;
			attributes = {
				LastUpgradeCheck = 0460;
				ORGANIZATIONNAME = tencent;
			};
			buildConfigurationList = EDA60D2517D71C1400B0A63C /* Build configuration list for PBXProject "SmallStone" */;
			compatibilityVersion = "Xcode 3.2";
			developmentRegion = English;
			hasScannedForEncodings = 0;
			knownRegions = (
				en,
			);
			mainGroup = EDA60D2117D71C1400B0A63C;
			productRefGroup = EDA60D2B17D71C1400B0A63C /* Products */;
			projectDirPath = "";
			projectRoot = "";
			targets = (
				EDA60D2917D71C1400B0A63C /* SmallStone */,
			);
		};
/* End PBXProject section */

/* Begin PBXResourcesBuildPhase section */
		EDA60D2817D71C1400B0A63C /* Resources */ = {
			isa = PBXResourcesBuildPhase;
			buildActionMask = 2147483647;
			files = (
				ED107F7317DB2F340006A030 /* score_orange_sun@2x.png in Resources */,
				EDA60D3817D71C1400B0A63C /* InfoPlist.strings in Resources */,
				EDE4F6DD17D9CAE6004F3057 /* connect_11.mp3 in Resources */,
				ED107F6617DB08340006A030 /* stone_star@2x.png in Resources */,
				EDE4F6E217D9CAE6004F3057 /* connect_2.mp3 in Resources */,
				EDE4F6E117D9CAE6004F3057 /* connect_15.mp3 in Resources */,
				EDE4F6E317D9CAE6004F3057 /* connect_3.mp3 in Resources */,
				EDE4F6DF17D9CAE6004F3057 /* connect_13.mp3 in Resources */,
				EDE4F6E517D9CAE6004F3057 /* connect_5.mp3 in Resources */,
				EDE4F6E717D9CAE6004F3057 /* connect_7.mp3 in Resources */,
				EDE4F6E817D9CAE6004F3057 /* connect_8.mp3 in Resources */,
				EDE4F6C217D9BD53004F3057 /* stone_blue.png in Resources */,
				EDA60D4017D71C1400B0A63C /* Default.png in Resources */,
				EDE4F6C417D9BD53004F3057 /* stone_pink.png in Resources */,
				EDE4F6E617D9CAE6004F3057 /* connect_6.mp3 in Resources */,
				EDE4F6E917D9CAE6004F3057 /* connect_9.mp3 in Resources */,
				EDA60D4217D71C1400B0A63C /* Default@2x.png in Resources */,
				EDA60D4417D71C1400B0A63C /* Default-568h@2x.png in Resources */,
				EDE4F6DA17D9CAE6004F3057 /* clear.mp3 in Resources */,
				ED107F6B17DB12C50006A030 /* orange_sun.png in Resources */,
				EDE4F6E417D9CAE6004F3057 /* connect_4.mp3 in Resources */,
				EDE4F6DE17D9CAE6004F3057 /* connect_12.mp3 in Resources */,
				EDA60D5417D7296000B0A63C /* GameViewController.xib in Resources */,
				EDE4F6C317D9BD53004F3057 /* stone_blue@2x.png in Resources */,
				EDA60D5A17D733AB00B0A63C /* Icon.png in Resources */,
				EDE4F6DC17D9CAE6004F3057 /* connect_10.mp3 in Resources */,
				ED107F6517DB08340006A030 /* stone_star.png in Resources */,
				EDE4F6DB17D9CAE6004F3057 /* connect_1.mp3 in Resources */,
				ED107F6C17DB12C50006A030 /* orange_sun@2x.png in Resources */,
				EDA60D5B17D733AB00B0A63C /* Icon@2x.png in Resources */,
				EDE4F6E017D9CAE6004F3057 /* connect_14.mp3 in Resources */,
				EDE4F6C517D9BD53004F3057 /* stone_pink@2x.png in Resources */,
				FD18F5BD17DAF0FC00A231C0 /* No1.png in Resources */,
				FD18F5BF17DAF11600A231C0 /* No2.png in Resources */,
				FD18F5C117DAF13000A231C0 /* No3.png in Resources */,
				ED107F7217DB2F340006A030 /* score_orange_sun.png in Resources */,
				A1EAA80117D9F66B00EDF3B4 /* SettingViewController.xib in Resources */,
				9733AAF317DA156600791D4D /* RankViewController.xib in Resources */,
				9733AB0E17DA37FC00791D4D /* ball.png in Resources */,
				9733AB0F17DA37FC00791D4D /* Bomb0.png in Resources */,
				9733AB1017DA37FC00791D4D /* Bomb1.png in Resources */,
				9733AB1117DA37FC00791D4D /* Bomb2.png in Resources */,
				9733AB1217DA37FC00791D4D /* Bomb3.png in Resources */,
				9733AB1317DA37FC00791D4D /* Bomb4.png in Resources */,
				9733AB1417DA37FC00791D4D /* Bomb5.png in Resources */,
				9733AB1517DA37FC00791D4D /* Bomb6.png in Resources */,
				971427DE17DB45CA003D4E15 /* btn_back.png in Resources */,
				971427DF17DB45CA003D4E15 /* btn_back@2x.png in Resources */,
				971427E017DB45CA003D4E15 /* button.png in Resources */,
				971427E117DB45CA003D4E15 /* button@2x.png in Resources */,
				971427E917DC1627003D4E15 /* Bomb0@2x.png in Resources */,
				971427EA17DC1627003D4E15 /* Bomb1@2x.png in Resources */,
				971427EB17DC1627003D4E15 /* Bomb2@2x.png in Resources */,
				971427EC17DC1627003D4E15 /* Bomb3@2x.png in Resources */,
				971427ED17DC1627003D4E15 /* Bomb4@2x.png in Resources */,
				971427EE17DC1627003D4E15 /* Bomb5@2x.png in Resources */,
				971427EF17DC1627003D4E15 /* Bomb6@2x.png in Resources */,
				971427F117DC1BC7003D4E15 /* ball@2x.png in Resources */,
				FD1191B317DC25EA009E556A /* tiyan.png in Resources */,
				FD1191B517DC297B009E556A /* 1.jpg in Resources */,
				FD1191C517DC476E009E556A /* 2.jpg in Resources */,
				FD1191C617DC476E009E556A /* 3.jpg in Resources */,
				FD1191C717DC476E009E556A /* 4.jpg in Resources */,
			);
			runOnlyForDeploymentPostprocessing = 0;
		};
/* End PBXResourcesBuildPhase section */

/* Begin PBXSourcesBuildPhase section */
		EDA60D2617D71C1400B0A63C /* Sources */ = {
			isa = PBXSourcesBuildPhase;
			buildActionMask = 2147483647;
			files = (
				ED8AA0F417D813790070BFF0 /* StoneView.m in Sources */,
				ED0D70B517D8D0D4002D3353 /* StoneWallView.m in Sources */,
				ED8AA0F817D813CB0070BFF0 /* Stone.m in Sources */,
				EDA60D3A17D71C1400B0A63C /* main.m in Sources */,
				ED107F7B17DB3AE90006A030 /* UserManager.m in Sources */,
				EDE4F6BD17D987D0004F3057 /* StoneLinkView.m in Sources */,
				EDA60D3E17D71C1400B0A63C /* AppDelegate.m in Sources */,
				ED107F7E17DB3E600006A030 /* CommonUtility.mm in Sources */,
				EDA60D5317D7296000B0A63C /* GameViewController.m in Sources */,
				EDA60D4717D71C1400B0A63C /* MainViewController.m in Sources */,
				ED8AA0F117D8135C0070BFF0 /* StoneWallViewController.m in Sources */,
				ED8AA0FB17D813DD0070BFF0 /* StoneWall.m in Sources */,
				FDBA98FE17D9B5D90061804F /* GuideViewController.m in Sources */,
				FDBA990917D9BDC00061804F /* RankViewController.m in Sources */,
				A1EAA80017D9F66B00EDF3B4 /* SettingViewController.m in Sources */,
				9733AAF717DA19F300791D4D /* BaseBall.m in Sources */,
				9733AAFA17DA221000791D4D /* CommonType.m in Sources */,
				ED107F6F17DB16F00006A030 /* GameResultView.m in Sources */,
				9733AAFD17DA254A00791D4D /* GameSetting.m in Sources */,
				ED4C01A817DACDAB002DA400 /* CatchPowerView.m in Sources */,
				ED107F7617DB396B0006A030 /* ScoreManager.m in Sources */,
				9733AB0417DA30B200791D4D /* BaseLevel.m in Sources */,
				9733AB1817DA384200791D4D /* Level1.m in Sources */,
				971427F417DC2B50003D4E15 /* LevelManager.m in Sources */,
			);
			runOnlyForDeploymentPostprocessing = 0;
		};
/* End PBXSourcesBuildPhase section */

/* Begin PBXVariantGroup section */
		EDA60D3617D71C1400B0A63C /* InfoPlist.strings */ = {
			isa = PBXVariantGroup;
			children = (
				EDA60D3717D71C1400B0A63C /* en */,
			);
			name = InfoPlist.strings;
			sourceTree = "<group>";
		};
/* End PBXVariantGroup section */

/* Begin XCBuildConfiguration section */
		EDA60D4B17D71C1400B0A63C /* Debug */ = {
			isa = XCBuildConfiguration;
			buildSettings = {
				ALWAYS_SEARCH_USER_PATHS = NO;
				CLANG_CXX_LANGUAGE_STANDARD = "gnu++0x";
				CLANG_CXX_LIBRARY = "libc++";
				CLANG_ENABLE_OBJC_ARC = YES;
				CLANG_WARN_CONSTANT_CONVERSION = YES;
				CLANG_WARN_EMPTY_BODY = YES;
				CLANG_WARN_ENUM_CONVERSION = YES;
				CLANG_WARN_INT_CONVERSION = YES;
				CLANG_WARN__DUPLICATE_METHOD_MATCH = YES;
				"CODE_SIGN_IDENTITY[sdk=iphoneos*]" = "iPhone Developer";
				COPY_PHASE_STRIP = NO;
				GCC_C_LANGUAGE_STANDARD = gnu99;
				GCC_DYNAMIC_NO_PIC = NO;
				GCC_OPTIMIZATION_LEVEL = 0;
				GCC_PREPROCESSOR_DEFINITIONS = (
					"DEBUG=1",
					"$(inherited)",
				);
				GCC_SYMBOLS_PRIVATE_EXTERN = NO;
				GCC_WARN_ABOUT_RETURN_TYPE = YES;
				GCC_WARN_UNINITIALIZED_AUTOS = YES;
				GCC_WARN_UNUSED_VARIABLE = YES;
				IPHONEOS_DEPLOYMENT_TARGET = 6.1;
				ONLY_ACTIVE_ARCH = YES;
				SDKROOT = iphoneos;
			};
			name = Debug;
		};
		EDA60D4C17D71C1400B0A63C /* Release */ = {
			isa = XCBuildConfiguration;
			buildSettings = {
				ALWAYS_SEARCH_USER_PATHS = NO;
				CLANG_CXX_LANGUAGE_STANDARD = "gnu++0x";
				CLANG_CXX_LIBRARY = "libc++";
				CLANG_ENABLE_OBJC_ARC = YES;
				CLANG_WARN_CONSTANT_CONVERSION = YES;
				CLANG_WARN_EMPTY_BODY = YES;
				CLANG_WARN_ENUM_CONVERSION = YES;
				CLANG_WARN_INT_CONVERSION = YES;
				CLANG_WARN__DUPLICATE_METHOD_MATCH = YES;
				"CODE_SIGN_IDENTITY[sdk=iphoneos*]" = "iPhone Developer";
				COPY_PHASE_STRIP = YES;
				GCC_C_LANGUAGE_STANDARD = gnu99;
				GCC_WARN_ABOUT_RETURN_TYPE = YES;
				GCC_WARN_UNINITIALIZED_AUTOS = YES;
				GCC_WARN_UNUSED_VARIABLE = YES;
				IPHONEOS_DEPLOYMENT_TARGET = 6.1;
				OTHER_CFLAGS = "-DNS_BLOCK_ASSERTIONS=1";
				SDKROOT = iphoneos;
				VALIDATE_PRODUCT = YES;
			};
			name = Release;
		};
		EDA60D4E17D71C1400B0A63C /* Debug */ = {
			isa = XCBuildConfiguration;
			buildSettings = {
				CODE_SIGN_IDENTITY = "";
				"CODE_SIGN_IDENTITY[sdk=iphoneos*]" = "iPhone Developer";
				GCC_PRECOMPILE_PREFIX_HEADER = YES;
				GCC_PREFIX_HEADER = "SmallStone/SmallStone-Prefix.pch";
				INFOPLIST_FILE = "SmallStone/SmallStone-Info.plist";
				IPHONEOS_DEPLOYMENT_TARGET = 5.0;
				PRODUCT_NAME = "$(TARGET_NAME)";
				PROVISIONING_PROFILE = "86ADDD9A-BD69-4312-8282-D142DBC10C3C";
				"PROVISIONING_PROFILE[sdk=iphoneos*]" = "";
				WRAPPER_EXTENSION = app;
			};
			name = Debug;
		};
		EDA60D4F17D71C1400B0A63C /* Release */ = {
			isa = XCBuildConfiguration;
			buildSettings = {
				CODE_SIGN_IDENTITY = "";
				"CODE_SIGN_IDENTITY[sdk=iphoneos*]" = "iPhone Developer";
				GCC_PRECOMPILE_PREFIX_HEADER = YES;
				GCC_PREFIX_HEADER = "SmallStone/SmallStone-Prefix.pch";
				INFOPLIST_FILE = "SmallStone/SmallStone-Info.plist";
				IPHONEOS_DEPLOYMENT_TARGET = 5.0;
				PRODUCT_NAME = "$(TARGET_NAME)";
				PROVISIONING_PROFILE = "86ADDD9A-BD69-4312-8282-D142DBC10C3C";
				"PROVISIONING_PROFILE[sdk=iphoneos*]" = "";
				WRAPPER_EXTENSION = app;
			};
			name = Release;
		};
/* End XCBuildConfiguration section */

/* Begin XCConfigurationList section */
		EDA60D2517D71C1400B0A63C /* Build configuration list for PBXProject "SmallStone" */ = {
			isa = XCConfigurationList;
			buildConfigurations = (
				EDA60D4B17D71C1400B0A63C /* Debug */,
				EDA60D4C17D71C1400B0A63C /* Release */,
			);
			defaultConfigurationIsVisible = 0;
			defaultConfigurationName = Release;
		};
		EDA60D4D17D71C1400B0A63C /* Build configuration list for PBXNativeTarget "SmallStone" */ = {
			isa = XCConfigurationList;
			buildConfigurations = (
				EDA60D4E17D71C1400B0A63C /* Debug */,
				EDA60D4F17D71C1400B0A63C /* Release */,
			);
			defaultConfigurationIsVisible = 0;
			defaultConfigurationName = Release;
		};
/* End XCConfigurationList section */
	};
	rootObject = EDA60D2217D71C1400B0A63C /* Project object */;
}
